
Microsoft Visual Studio Solution File, Format Version 12.00
# Visual Studio Version 17
VisualStudioVersion = 17.14.36623.8
MinimumVisualStudioVersion = 10.0.40219.1
Project("{FAE04EC0-301F-11D3-BF4B-00C04F79EFBC}") = "WordFormFramework", "WordFormFramework.csproj", "{1DAC595B-F206-4623-B5C1-38F8B5C7DAFF}"
EndProject
Project("{FAE04EC0-301F-11D3-BF4B-00C04F79EFBC}") = "WordFormFramework.Demo", "Demo\WordFormFramework.Demo\WordFormFramework.Demo.csproj", "{BB6F01FB-EF80-7869-8990-77E8DC6CE7A6}"
EndProject
Global
	GlobalSection(SolutionConfigurationPlatforms) = preSolution
		Debug|Any CPU = Debug|Any CPU
		Release|Any CPU = Release|Any CPU
	EndGlobalSection
	GlobalSection(ProjectConfigurationPlatforms) = postSolution
		{1DAC595B-F206-4623-B5C1-38F8B5C7DAFF}.Debug|Any CPU.ActiveCfg = Debug|Any CPU
		{1DAC595B-F206-4623-B5C1-38F8B5C7DAFF}.Debug|Any CPU.Build.0 = Debug|Any CPU
		{1DAC595B-F206-4623-B5C1-38F8B5C7DAFF}.Release|Any CPU.ActiveCfg = Release|Any CPU
		{1DAC595B-F206-4623-B5C1-38F8B5C7DAFF}.Release|Any CPU.Build.0 = Release|Any CPU
		{BB6F01FB-EF80-7869-8990-77E8DC6CE7A6}.Debug|Any CPU.ActiveCfg = Debug|Any CPU
		{BB6F01FB-EF80-7869-8990-77E8DC6CE7A6}.Debug|Any CPU.Build.0 = Debug|Any CPU
		{BB6F01FB-EF80-7869-8990-77E8DC6CE7A6}.Debug|Any CPU.Deploy.0 = Debug|Any CPU
		{BB6F01FB-EF80-7869-8990-77E8DC6CE7A6}.Release|Any CPU.ActiveCfg = Release|Any CPU
		{BB6F01FB-EF80-7869-8990-77E8DC6CE7A6}.Release|Any CPU.Build.0 = Release|Any CPU
		{BB6F01FB-EF80-7869-8990-77E8DC6CE7A6}.Release|Any CPU.Deploy.0 = Release|Any CPU
	EndGlobalSection
	GlobalSection(SolutionProperties) = preSolution
		HideSolutionNode = FALSE
	EndGlobalSection
	GlobalSection(ExtensibilityGlobals) = postSolution
		SolutionGuid = {763CF946-D7CC-452F-8D13-D29CA6B3F9BA}
	EndGlobalSection
EndGlobal
